<?xml version="1.0" encoding="utf-8"?>
<Project ToolsVersion="4.0" xmlns="http://schemas.microsoft.com/developer/msbuild/2003">
  <ItemGroup>
    <Filter Include="Source Files">
      <UniqueIdentifier>{4FC737F1-C7A5-4376-A066-2A32D752A2FF}</UniqueIdentifier>
      <Extensions>cpp;c;cc;cxx;def;odl;idl;hpj;bat;asm;asmx</Extensions>
    </Filter>
    <Filter Include="Header Files">
      <UniqueIdentifier>{93995380-89BD-4b04-88EB-625FBE52EBFB}</UniqueIdentifier>
      <Extensions>h;hpp;hxx;hm;inl;inc;xsd</Extensions>
    </Filter>
  </ItemGroup>
  <ItemGroup>
    <ClCompile Include="EfiCompressDecompress.c">
      <Filter>Source Files</Filter>
    </ClCompile>
    <ClCompile Include="sysipc.cpp">
      <Filter>Source Files</Filter>
    </ClCompile>
    <ClCompile Include="sysipc_application_control_lib.cpp">
      <Filter>Source Files</Filter>
    </ClCompile>
    <ClCompile Include="sysipc_command_line.cpp">
      <Filter>Source Files</Filter>
    </ClCompile>
    <ClCompile Include="sysipc_dynalib.cpp">
      <Filter>Source Files</Filter>
    </ClCompile>
    <ClCompile Include="sysipc_efi.cpp">
      <Filter>Source Files</Filter>
    </ClCompile>
    <ClCompile Include="sysipc_event_log.cpp">
      <Filter>Source Files</Filter>
    </ClCompile>
    <ClCompile Include="sysipc_exceptions.cpp">
      <Filter>Source Files</Filter>
    </ClCompile>
    <ClCompile Include="sysipc_files.cpp">
      <Filter>Source Files</Filter>
    </ClCompile>
    <ClCompile Include="sysipc_inotify.cpp">
      <Filter>Source Files</Filter>
    </ClCompile>
    <ClCompile Include="sysipc_inotify2.cpp">
      <Filter>Source Files</Filter>
    </ClCompile>
    <ClCompile Include="sysipc_message_queue.cpp">
      <Filter>Source Files</Filter>
    </ClCompile>
    <ClCompile Include="sysipc_messages.cpp">
      <Filter>Source Files</Filter>
    </ClCompile>
    <ClCompile Include="sysipc_threads.cpp">
      <Filter>Source Files</Filter>
    </ClCompile>
    <ClCompile Include="sysipc_tlv.cpp">
      <Filter>Source Files</Filter>
    </ClCompile>
  </ItemGroup>
  <ItemGroup>
    <ClInclude Include="EfiCompressDecompress.h">
      <Filter>Header Files</Filter>
    </ClInclude>
    <ClInclude Include="sysipc.h">
      <Filter>Header Files</Filter>
    </ClInclude>
    <ClInclude Include="sysipc_application_control.h">
      <Filter>Header Files</Filter>
    </ClInclude>
    <ClInclude Include="sysipc_command_line.h">
      <Filter>Header Files</Filter>
    </ClInclude>
    <ClInclude Include="sysipc_dynalib.h">
      <Filter>Header Files</Filter>
    </ClInclude>
    <ClInclude Include="sysipc_efi.h">
      <Filter>Header Files</Filter>
    </ClInclude>
    <ClInclude Include="sysipc_event_log.h">
      <Filter>Header Files</Filter>
    </ClInclude>
    <ClInclude Include="sysipc_exceptions.h">
      <Filter>Header Files</Filter>
    </ClInclude>
    <ClInclude Include="sysipc_files.h">
      <Filter>Header Files</Filter>
    </ClInclude>
    <ClInclude Include="sysipc_handle.h">
      <Filter>Header Files</Filter>
    </ClInclude>
    <ClInclude Include="sysipc_inotify.h">
      <Filter>Header Files</Filter>
    </ClInclude>
    <ClInclude Include="sysipc_inotify2.h">
      <Filter>Header Files</Filter>
    </ClInclude>
    <ClInclude Include="sysipc_message_queue.h">
      <Filter>Header Files</Filter>
    </ClInclude>
    <ClInclude Include="sysipc_messages.h">
      <Filter>Header Files</Filter>
    </ClInclude>
    <ClInclude Include="sysipc_property_tables.h">
      <Filter>Header Files</Filter>
    </ClInclude>
    <ClInclude Include="sysipc_threads.h">
      <Filter>Header Files</Filter>
    </ClInclude>
    <ClInclude Include="sysipc_tlv.h">
      <Filter>Header Files</Filter>
    </ClInclude>
  </ItemGroup>
</Project>